
Microsoft Visual Studio Solution File, Format Version 12.00
# Visual Studio Version 17
VisualStudioVersion = 17.9.34723.18
MinimumVisualStudioVersion = 10.0.40219.1
Project("{9A19103F-16F7-4668-BE54-9A1E7A4F7556}") = "APIRHUI.Application", "src\Application\APIRHUI.Application\APIRHUI.Application.csproj", "{F167947A-5017-482D-B0FE-E02D22BE13A2}"
EndProject
Project("{9A19103F-16F7-4668-BE54-9A1E7A4F7556}") = "APIRHIU.Core", "src\Core\APIRHIU.Core\APIRHIU.Core.csproj", "{B2CC6AC5-696C-4DC2-8C50-67CA72092491}"
EndProject
Project("{9A19103F-16F7-4668-BE54-9A1E7A4F7556}") = "APIRHIU.Data", "src\Data\APIRHIU.Data\APIRHIU.Data.csproj", "{9501005D-D073-4B88-9107-225195BC23A3}"
EndProject
Project("{9A19103F-16F7-4668-BE54-9A1E7A4F7556}") = "APIRHIU.Api", "src\Api\APIRHIU.Api\APIRHIU.Api.csproj", "{91DE0B14-CEAD-412B-92CB-D742C6919696}"
EndProject
Project("{9A19103F-16F7-4668-BE54-9A1E7A4F7556}") = "APIRHIU.Domain", "src\Domain\APIRHIU.Domain\APIRHIU.Domain.csproj", "{CF732F42-9160-4E86-8869-CB72F13747D0}"
EndProject
Global
	GlobalSection(SolutionConfigurationPlatforms) = preSolution
		Debug|Any CPU = Debug|Any CPU
		Release|Any CPU = Release|Any CPU
	EndGlobalSection
	GlobalSection(ProjectConfigurationPlatforms) = postSolution
		{F167947A-5017-482D-B0FE-E02D22BE13A2}.Debug|Any CPU.ActiveCfg = Debug|Any CPU
		{F167947A-5017-482D-B0FE-E02D22BE13A2}.Debug|Any CPU.Build.0 = Debug|Any CPU
		{F167947A-5017-482D-B0FE-E02D22BE13A2}.Release|Any CPU.ActiveCfg = Release|Any CPU
		{F167947A-5017-482D-B0FE-E02D22BE13A2}.Release|Any CPU.Build.0 = Release|Any CPU
		{B2CC6AC5-696C-4DC2-8C50-67CA72092491}.Debug|Any CPU.ActiveCfg = Debug|Any CPU
		{B2CC6AC5-696C-4DC2-8C50-67CA72092491}.Debug|Any CPU.Build.0 = Debug|Any CPU
		{B2CC6AC5-696C-4DC2-8C50-67CA72092491}.Release|Any CPU.ActiveCfg = Release|Any CPU
		{B2CC6AC5-696C-4DC2-8C50-67CA72092491}.Release|Any CPU.Build.0 = Release|Any CPU
		{9501005D-D073-4B88-9107-225195BC23A3}.Debug|Any CPU.ActiveCfg = Debug|Any CPU
		{9501005D-D073-4B88-9107-225195BC23A3}.Debug|Any CPU.Build.0 = Debug|Any CPU
		{9501005D-D073-4B88-9107-225195BC23A3}.Release|Any CPU.ActiveCfg = Release|Any CPU
		{9501005D-D073-4B88-9107-225195BC23A3}.Release|Any CPU.Build.0 = Release|Any CPU
		{91DE0B14-CEAD-412B-92CB-D742C6919696}.Debug|Any CPU.ActiveCfg = Debug|Any CPU
		{91DE0B14-CEAD-412B-92CB-D742C6919696}.Debug|Any CPU.Build.0 = Debug|Any CPU
		{91DE0B14-CEAD-412B-92CB-D742C6919696}.Release|Any CPU.ActiveCfg = Release|Any CPU
		{91DE0B14-CEAD-412B-92CB-D742C6919696}.Release|Any CPU.Build.0 = Release|Any CPU
		{CF732F42-9160-4E86-8869-CB72F13747D0}.Debug|Any CPU.ActiveCfg = Debug|Any CPU
		{CF732F42-9160-4E86-8869-CB72F13747D0}.Debug|Any CPU.Build.0 = Debug|Any CPU
		{CF732F42-9160-4E86-8869-CB72F13747D0}.Release|Any CPU.ActiveCfg = Release|Any CPU
		{CF732F42-9160-4E86-8869-CB72F13747D0}.Release|Any CPU.Build.0 = Release|Any CPU
	EndGlobalSection
	GlobalSection(SolutionProperties) = preSolution
		HideSolutionNode = FALSE
	EndGlobalSection
	GlobalSection(ExtensibilityGlobals) = postSolution
		SolutionGuid = {B5CDCF6C-C3A4-42AB-88F3-412E0C435652}
	EndGlobalSection
EndGlobal
